// !$*UTF8*$!
{
	archiveVersion = 1;
	classes = {
	};
	objectVersion = 56;
	objects = {

/* Begin PBXBuildFile section */
		8A572A2B2C0D135B0048AD83 /* AppDelegate.swift in Sources */ = {isa = PBXBuildFile; fileRef = 8A572A2A2C0D135B0048AD83 /* AppDelegate.swift */; };
		8A572A2D2C0D135B0048AD83 /* SceneDelegate.swift in Sources */ = {isa = PBXBuildFile; fileRef = 8A572A2C2C0D135B0048AD83 /* SceneDelegate.swift */; };
		8A572A2F2C0D135B0048AD83 /* ViewController.swift in Sources */ = {isa = PBXBuildFile; fileRef = 8A572A2E2C0D135B0048AD83 /* ViewController.swift */; };
		8A572A322C0D135B0048AD83 /* Base in Resources */ = {isa = PBXBuildFile; fileRef = 8A572A312C0D135B0048AD83 /* Base */; };
		8A572A342C0D135C0048AD83 /* Assets.xcassets in Resources */ = {isa = PBXBuildFile; fileRef = 8A572A332C0D135C0048AD83 /* Assets.xcassets */; };
		8A572A372C0D135C0048AD83 /* Base in Resources */ = {isa = PBXBuildFile; fileRef = 8A572A362C0D135C0048AD83 /* Base */; };
		8A572A422C0D135C0048AD83 /* OnTheMapTests.swift in Sources */ = {isa = PBXBuildFile; fileRef = 8A572A412C0D135C0048AD83 /* OnTheMapTests.swift */; };
		8A572A4C2C0D135C0048AD83 /* OnTheMapUITests.swift in Sources */ = {isa = PBXBuildFile; fileRef = 8A572A4B2C0D135C0048AD83 /* OnTheMapUITests.swift */; };
		8A572A4E2C0D135C0048AD83 /* OnTheMapUITestsLaunchTests.swift in Sources */ = {isa = PBXBuildFile; fileRef = 8A572A4D2C0D135C0048AD83 /* OnTheMapUITestsLaunchTests.swift */; };
/* End PBXBuildFile section */

/* Begin PBXContainerItemProxy section */
		8A572A3E2C0D135C0048AD83 /* PBXContainerItemProxy */ = {
			isa = PBXContainerItemProxy;
			containerPortal = 8A572A1F2C0D135A0048AD83 /* Project object */;
			proxyType = 1;
			remoteGlobalIDString = 8A572A262C0D135A0048AD83;
			remoteInfo = OnTheMap;
		};
		8A572A482C0D135C0048AD83 /* PBXContainerItemProxy */ = {
			isa = PBXContainerItemProxy;
			containerPortal = 8A572A1F2C0D135A0048AD83 /* Project object */;
			proxyType = 1;
			remoteGlobalIDString = 8A572A262C0D135A0048AD83;
			remoteInfo = OnTheMap;
		};
/* End PBXContainerItemProxy section */

/* Begin PBXFileReference section */
		8A572A272C0D135A0048AD83 /* OnTheMap.app */ = {isa = PBXFileReference; explicitFileType = wrapper.application; includeInIndex = 0; path = OnTheMap.app; sourceTree = BUILT_PRODUCTS_DIR; };
		8A572A2A2C0D135B0048AD83 /* AppDelegate.swift */ = {isa = PBXFileReference; lastKnownFileType = sourcecode.swift; path = AppDelegate.swift; sourceTree = "<group>"; };
		8A572A2C2C0D135B0048AD83 /* SceneDelegate.swift */ = {isa = PBXFileReference; lastKnownFileType = sourcecode.swift; path = SceneDelegate.swift; sourceTree = "<group>"; };
		8A572A2E2C0D135B0048AD83 /* ViewController.swift */ = {isa = PBXFileReference; lastKnownFileType = sourcecode.swift; path = ViewController.swift; sourceTree = "<group>"; };
		8A572A312C0D135B0048AD83 /* Base */ = {isa = PBXFileReference; lastKnownFileType = file.storyboard; name = Base; path = Base.lproj/Main.storyboard; sourceTree = "<group>"; };
		8A572A332C0D135C0048AD83 /* Assets.xcassets */ = {isa = PBXFileReference; lastKnownFileType = folder.assetcatalog; path = Assets.xcassets; sourceTree = "<group>"; };
		8A572A362C0D135C0048AD83 /* Base */ = {isa = PBXFileReference; lastKnownFileType = file.storyboard; name = Base; path = Base.lproj/LaunchScreen.storyboard; sourceTree = "<group>"; };
		8A572A382C0D135C0048AD83 /* Info.plist */ = {isa = PBXFileReference; lastKnownFileType = text.plist.xml; path = Info.plist; sourceTree = "<group>"; };
		8A572A3D2C0D135C0048AD83 /* OnTheMapTests.xctest */ = {isa = PBXFileReference; explicitFileType = wrapper.cfbundle; includeInIndex = 0; path = OnTheMapTests.xctest; sourceTree = BUILT_PRODUCTS_DIR; };
		8A572A412C0D135C0048AD83 /* OnTheMapTests.swift */ = {isa = PBXFileReference; lastKnownFileType = sourcecode.swift; path = OnTheMapTests.swift; sourceTree = "<group>"; };
		8A572A472C0D135C0048AD83 /* OnTheMapUITests.xctest */ = {isa = PBXFileReference; explicitFileType = wrapper.cfbundle; includeInIndex = 0; path = OnTheMapUITests.xctest; sourceTree = BUILT_PRODUCTS_DIR; };
		8A572A4B2C0D135C0048AD83 /* OnTheMapUITests.swift */ = {isa = PBXFileReference; lastKnownFileType = sourcecode.swift; path = OnTheMapUITests.swift; sourceTree = "<group>"; };
		8A572A4D2C0D135C0048AD83 /* OnTheMapUITestsLaunchTests.swift */ = {isa = PBXFileReference; lastKnownFileType = sourcecode.swift; path = OnTheMapUITestsLaunchTests.swift; sourceTree = "<group>"; };
/* End PBXFileReference section */

/* Begin PBXFrameworksBuildPhase section */
		8A572A242C0D135A0048AD83 /* Frameworks */ = {
			isa = PBXFrameworksBuildPhase;
			buildActionMask = 2147483647;
			files = (
			);
			runOnlyForDeploymentPostprocessing = 0;
		};
		8A572A3A2C0D135C0048AD83 /* Frameworks */ = {
			isa = PBXFrameworksBuildPhase;
			buildActionMask = 2147483647;
			files = (
			);
			runOnlyForDeploymentPostprocessing = 0;
		};
		8A572A442C0D135C0048AD83 /* Frameworks */ = {
			isa = PBXFrameworksBuildPhase;
			buildActionMask = 2147483647;
			files = (
			);
			runOnlyForDeploymentPostprocessing = 0;
		};
/* End PBXFrameworksBuildPhase section */

/* Begin PBXGroup section */
		8A572A1E2C0D135A0048AD83 = {
			isa = PBXGroup;
			children = (
				8A572A292C0D135B0048AD83 /* OnTheMap */,
				8A572A402C0D135C0048AD83 /* OnTheMapTests */,
				8A572A4A2C0D135C0048AD83 /* OnTheMapUITests */,
				8A572A282C0D135A0048AD83 /* Products */,
			);
			sourceTree = "<group>";
		};
		8A572A282C0D135A0048AD83 /* Products */ = {
			isa = PBXGroup;
			children = (
				8A572A272C0D135A0048AD83 /* OnTheMap.app */,
				8A572A3D2C0D135C0048AD83 /* OnTheMapTests.xctest */,
				8A572A472C0D135C0048AD83 /* OnTheMapUITests.xctest */,
			);
			name = Products;
			sourceTree = "<group>";
		};
		8A572A292C0D135B0048AD83 /* OnTheMap */ = {
			isa = PBXGroup;
			children = (
				8A572A2A2C0D135B0048AD83 /* AppDelegate.swift */,
				8A572A2C2C0D135B0048AD83 /* SceneDelegate.swift */,
				8A572A2E2C0D135B0048AD83 /* ViewController.swift */,
				8A572A302C0D135B0048AD83 /* Main.storyboard */,
				8A572A332C0D135C0048AD83 /* Assets.xcassets */,
				8A572A352C0D135C0048AD83 /* LaunchScreen.storyboard */,
				8A572A382C0D135C0048AD83 /* Info.plist */,
			);
			path = OnTheMap;
			sourceTree = "<group>";
		};
		8A572A402C0D135C0048AD83 /* OnTheMapTests */ = {
			isa = PBXGroup;
			children = (
				8A572A412C0D135C0048AD83 /* OnTheMapTests.swift */,
			);
			path = OnTheMapTests;
			sourceTree = "<group>";
		};
		8A572A4A2C0D135C0048AD83 /* OnTheMapUITests */ = {
			isa = PBXGroup;
			children = (
				8A572A4B2C0D135C0048AD83 /* OnTheMapUITests.swift */,
				8A572A4D2C0D135C0048AD83 /* OnTheMapUITestsLaunchTests.swift */,
			);
			path = OnTheMapUITests;
			sourceTree = "<group>";
		};
/* End PBXGroup section */

/* Begin PBXNativeTarget section */
		8A572A262C0D135A0048AD83 /* OnTheMap */ = {
			isa = PBXNativeTarget;
			buildConfigurationList = 8A572A512C0D135C0048AD83 /* Build configuration list for PBXNativeTarget "OnTheMap" */;
			buildPhases = (
				8A572A232C0D135A0048AD83 /* Sources */,
				8A572A242C0D135A0048AD83 /* Frameworks */,
				8A572A252C0D135A0048AD83 /* Resources */,
			);
			buildRules = (
			);
			dependencies = (
			);
			name = OnTheMap;
			productName = OnTheMap;
			productReference = 8A572A272C0D135A0048AD83 /* OnTheMap.app */;
			productType = "com.apple.product-type.application";
		};
		8A572A3C2C0D135C0048AD83 /* OnTheMapTests */ = {
			isa = PBXNativeTarget;
			buildConfigurationList = 8A572A542C0D135C0048AD83 /* Build configuration list for PBXNativeTarget "OnTheMapTests" */;
			buildPhases = (
				8A572A392C0D135C0048AD83 /* Sources */,
				8A572A3A2C0D135C0048AD83 /* Frameworks */,
				8A572A3B2C0D135C0048AD83 /* Resources */,
			);
			buildRules = (
			);
			dependencies = (
				8A572A3F2C0D135C0048AD83 /* PBXTargetDependency */,
			);
			name = OnTheMapTests;
			productName = OnTheMapTests;
			productReference = 8A572A3D2C0D135C0048AD83 /* OnTheMapTests.xctest */;
			productType = "com.apple.product-type.bundle.unit-test";
		};
		8A572A462C0D135C0048AD83 /* OnTheMapUITests */ = {
			isa = PBXNativeTarget;
			buildConfigurationList = 8A572A572C0D135C0048AD83 /* Build configuration list for PBXNativeTarget "OnTheMapUITests" */;
			buildPhases = (
				8A572A432C0D135C0048AD83 /* Sources */,
				8A572A442C0D135C0048AD83 /* Frameworks */,
				8A572A452C0D135C0048AD83 /* Resources */,
			);
			buildRules = (
			);
			dependencies = (
				8A572A492C0D135C0048AD83 /* PBXTargetDependency */,
			);
			name = OnTheMapUITests;
			productName = OnTheMapUITests;
			productReference = 8A572A472C0D135C0048AD83 /* OnTheMapUITests.xctest */;
			productType = "com.apple.product-type.bundle.ui-testing";
		};
/* End PBXNativeTarget section */

/* Begin PBXProject section */
		8A572A1F2C0D135A0048AD83 /* Project object */ = {
			isa = PBXProject;
			attributes = {
				BuildIndependentTargetsInParallel = 1;
				LastSwiftUpdateCheck = 1540;
				LastUpgradeCheck = 1540;
				TargetAttributes = {
					8A572A262C0D135A0048AD83 = {
						CreatedOnToolsVersion = 15.4;
					};
					8A572A3C2C0D135C0048AD83 = {
						CreatedOnToolsVersion = 15.4;
						TestTargetID = 8A572A262C0D135A0048AD83;
					};
					8A572A462C0D135C0048AD83 = {
						CreatedOnToolsVersion = 15.4;
						TestTargetID = 8A572A262C0D135A0048AD83;
					};
				};
			};
			buildConfigurationList = 8A572A222C0D135A0048AD83 /* Build configuration list for PBXProject "OnTheMap" */;
			compatibilityVersion = "Xcode 14.0";
			developmentRegion = en;
			hasScannedForEncodings = 0;
			knownRegions = (
				en,
				Base,
			);
			mainGroup = 8A572A1E2C0D135A0048AD83;
			productRefGroup = 8A572A282C0D135A0048AD83 /* Products */;
			projectDirPath = "";
			projectRoot = "";
			targets = (
				8A572A262C0D135A0048AD83 /* OnTheMap */,
				8A572A3C2C0D135C0048AD83 /* OnTheMapTests */,
				8A572A462C0D135C0048AD83 /* OnTheMapUITests */,
			);
		};
/* End PBXProject section */

/* Begin PBXResourcesBuildPhase section */
		8A572A252C0D135A0048AD83 /* Resources */ = {
			isa = PBXResourcesBuildPhase;
			buildActionMask = 2147483647;
			files = (
				8A572A342C0D135C0048AD83 /* Assets.xcassets in Resources */,
				8A572A372C0D135C0048AD83 /* Base in Resources */,
				8A572A322C0D135B0048AD83 /* Base in Resources */,
			);
			runOnlyForDeploymentPostprocessing = 0;
		};
		8A572A3B2C0D135C0048AD83 /* Resources */ = {
			isa = PBXResourcesBuildPhase;
			buildActionMask = 2147483647;
			files = (
			);
			runOnlyForDeploymentPostprocessing = 0;
		};
		8A572A452C0D135C0048AD83 /* Resources */ = {
			isa = PBXResourcesBuildPhase;
			buildActionMask = 2147483647;
			files = (
			);
			runOnlyForDeploymentPostprocessing = 0;
		};
/* End PBXResourcesBuildPhase section */

/* Begin PBXSourcesBuildPhase section */
		8A572A232C0D135A0048AD83 /* Sources */ = {
			isa = PBXSourcesBuildPhase;
			buildActionMask = 2147483647;
			files = (
				8A572A2F2C0D135B0048AD83 /* ViewController.swift in Sources */,
				8A572A2B2C0D135B0048AD83 /* AppDelegate.swift in Sources */,
				8A572A2D2C0D135B0048AD83 /* SceneDelegate.swift in Sources */,
			);
			runOnlyForDeploymentPostprocessing = 0;
		};
		8A572A392C0D135C0048AD83 /* Sources */ = {
			isa = PBXSourcesBuildPhase;
			buildActionMask = 2147483647;
			files = (
				8A572A422C0D135C0048AD83 /* OnTheMapTests.swift in Sources */,
			);
			runOnlyForDeploymentPostprocessing = 0;
		};
		8A572A432C0D135C0048AD83 /* Sources */ = {
			isa = PBXSourcesBuildPhase;
			buildActionMask = 2147483647;
			files = (
				8A572A4E2C0D135C0048AD83 /* OnTheMapUITestsLaunchTests.swift in Sources */,
				8A572A4C2C0D135C0048AD83 /* OnTheMapUITests.swift in Sources */,
			);
			runOnlyForDeploymentPostprocessing = 0;
		};
/* End PBXSourcesBuildPhase section */

/* Begin PBXTargetDependency section */
		8A572A3F2C0D135C0048AD83 /* PBXTargetDependency */ = {
			isa = PBXTargetDependency;
			target = 8A572A262C0D135A0048AD83 /* OnTheMap */;
			targetProxy = 8A572A3E2C0D135C0048AD83 /* PBXContainerItemProxy */;
		};
		8A572A492C0D135C0048AD83 /* PBXTargetDependency */ = {
			isa = PBXTargetDependency;
			target = 8A572A262C0D135A0048AD83 /* OnTheMap */;
			targetProxy = 8A572A482C0D135C0048AD83 /* PBXContainerItemProxy */;
		};
/* End PBXTargetDependency section */

/* Begin PBXVariantGroup section */
		8A572A302C0D135B0048AD83 /* Main.storyboard */ = {
			isa = PBXVariantGroup;
			children = (
				8A572A312C0D135B0048AD83 /* Base */,
			);
			name = Main.storyboard;
			sourceTree = "<group>";
		};
		8A572A352C0D135C0048AD83 /* LaunchScreen.storyboard */ = {
			isa = PBXVariantGroup;
			children = (
				8A572A362C0D135C0048AD83 /* Base */,
			);
			name = LaunchScreen.storyboard;
			sourceTree = "<group>";
		};
/* End PBXVariantGroup section */

/* Begin XCBuildConfiguration section */
		8A572A4F2C0D135C0048AD83 /* Debug */ = {
			isa = XCBuildConfiguration;
			buildSettings = {
				ALWAYS_SEARCH_USER_PATHS = NO;
				ASSETCATALOG_COMPILER_GENERATE_SWIFT_ASSET_SYMBOL_EXTENSIONS = YES;
				CLANG_ANALYZER_NONNULL = YES;
				CLANG_ANALYZER_NUMBER_OBJECT_CONVERSION = YES_AGGRESSIVE;
				CLANG_CXX_LANGUAGE_STANDARD = "gnu++20";
				CLANG_ENABLE_MODULES = YES;
				CLANG_ENABLE_OBJC_ARC = YES;
				CLANG_ENABLE_OBJC_WEAK = YES;
				CLANG_WARN_BLOCK_CAPTURE_AUTORELEASING = YES;
				CLANG_WARN_BOOL_CONVERSION = YES;
				CLANG_WARN_COMMA = YES;
				CLANG_WARN_CONSTANT_CONVERSION = YES;
				CLANG_WARN_DEPRECATED_OBJC_IMPLEMENTATIONS = YES;
				CLANG_WARN_DIRECT_OBJC_ISA_USAGE = YES_ERROR;
				CLANG_WARN_DOCUMENTATION_COMMENTS = YES;
				CLANG_WARN_EMPTY_BODY = YES;
				CLANG_WARN_ENUM_CONVERSION = YES;
				CLANG_WARN_INFINITE_RECURSION = YES;
				CLANG_WARN_INT_CONVERSION = YES;
				CLANG_WARN_NON_LITERAL_NULL_CONVERSION = YES;
				CLANG_WARN_OBJC_IMPLICIT_RETAIN_SELF = YES;
				CLANG_WARN_OBJC_LITERAL_CONVERSION = YES;
				CLANG_WARN_OBJC_ROOT_CLASS = YES_ERROR;
				CLANG_WARN_QUOTED_INCLUDE_IN_FRAMEWORK_HEADER = YES;
				CLANG_WARN_RANGE_LOOP_ANALYSIS = YES;
				CLANG_WARN_STRICT_PROTOTYPES = YES;
				CLANG_WARN_SUSPICIOUS_MOVE = YES;
				CLANG_WARN_UNGUARDED_AVAILABILITY = YES_AGGRESSIVE;
				CLANG_WARN_UNREACHABLE_CODE = YES;
				CLANG_WARN__DUPLICATE_METHOD_MATCH = YES;
				COPY_PHASE_STRIP = NO;
				DEBUG_INFORMATION_FORMAT = dwarf;
				ENABLE_STRICT_OBJC_MSGSEND = YES;
				ENABLE_TESTABILITY = YES;
				ENABLE_USER_SCRIPT_SANDBOXING = YES;
				GCC_C_LANGUAGE_STANDARD = gnu17;
				GCC_DYNAMIC_NO_PIC = NO;
				GCC_NO_COMMON_BLOCKS = YES;
				GCC_OPTIMIZATION_LEVEL = 0;
				GCC_PREPROCESSOR_DEFINITIONS = (
					"DEBUG=1",
					"$(inherited)",
				);
				GCC_WARN_64_TO_32_BIT_CONVERSION = YES;
				GCC_WARN_ABOUT_RETURN_TYPE = YES_ERROR;
				GCC_WARN_UNDECLARED_SELECTOR = YES;
				GCC_WARN_UNINITIALIZED_AUTOS = YES_AGGRESSIVE;
				GCC_WARN_UNUSED_FUNCTION = YES;
				GCC_WARN_UNUSED_VARIABLE = YES;
				IPHONEOS_DEPLOYMENT_TARGET = 17.5;
				LOCALIZATION_PREFERS_STRING_CATALOGS = YES;
				MTL_ENABLE_DEBUG_INFO = INCLUDE_SOURCE;
				MTL_FAST_MATH = YES;
				ONLY_ACTIVE_ARCH = YES;
				SDKROOT = iphoneos;
				SWIFT_ACTIVE_COMPILATION_CONDITIONS = "DEBUG $(inherited)";
				SWIFT_OPTIMIZATION_LEVEL = "-Onone";
			};
			name = Debug;
		};
		8A572A502C0D135C0048AD83 /* Release */ = {
			isa = XCBuildConfiguration;
			buildSettings = {
				ALWAYS_SEARCH_USER_PATHS = NO;
				ASSETCATALOG_COMPILER_GENERATE_SWIFT_ASSET_SYMBOL_EXTENSIONS = YES;
				CLANG_ANALYZER_NONNULL = YES;
				CLANG_ANALYZER_NUMBER_OBJECT_CONVERSION = YES_AGGRESSIVE;
				CLANG_CXX_LANGUAGE_STANDARD = "gnu++20";
				CLANG_ENABLE_MODULES = YES;
				CLANG_ENABLE_OBJC_ARC = YES;
				CLANG_ENABLE_OBJC_WEAK = YES;
				CLANG_WARN_BLOCK_CAPTURE_AUTORELEASING = YES;
				CLANG_WARN_BOOL_CONVERSION = YES;
				CLANG_WARN_COMMA = YES;
				CLANG_WARN_CONSTANT_CONVERSION = YES;
				CLANG_WARN_DEPRECATED_OBJC_IMPLEMENTATIONS = YES;
				CLANG_WARN_DIRECT_OBJC_ISA_USAGE = YES_ERROR;
				CLANG_WARN_DOCUMENTATION_COMMENTS = YES;
				CLANG_WARN_EMPTY_BODY = YES;
				CLANG_WARN_ENUM_CONVERSION = YES;
				CLANG_WARN_INFINITE_RECURSION = YES;
				CLANG_WARN_INT_CONVERSION = YES;
				CLANG_WARN_NON_LITERAL_NULL_CONVERSION = YES;
				CLANG_WARN_OBJC_IMPLICIT_RETAIN_SELF = YES;
				CLANG_WARN_OBJC_LITERAL_CONVERSION = YES;
				CLANG_WARN_OBJC_ROOT_CLASS = YES_ERROR;
				CLANG_WARN_QUOTED_INCLUDE_IN_FRAMEWORK_HEADER = YES;
				CLANG_WARN_RANGE_LOOP_ANALYSIS = YES;
				CLANG_WARN_STRICT_PROTOTYPES = YES;
				CLANG_WARN_SUSPICIOUS_MOVE = YES;
				CLANG_WARN_UNGUARDED_AVAILABILITY = YES_AGGRESSIVE;
				CLANG_WARN_UNREACHABLE_CODE = YES;
				CLANG_WARN__DUPLICATE_METHOD_MATCH = YES;
				COPY_PHASE_STRIP = NO;
				DEBUG_INFORMATION_FORMAT = "dwarf-with-dsym";
				ENABLE_NS_ASSERTIONS = NO;
				ENABLE_STRICT_OBJC_MSGSEND = YES;
				ENABLE_USER_SCRIPT_SANDBOXING = YES;
				GCC_C_LANGUAGE_STANDARD = gnu17;
				GCC_NO_COMMON_BLOCKS = YES;
				GCC_WARN_64_TO_32_BIT_CONVERSION = YES;
				GCC_WARN_ABOUT_RETURN_TYPE = YES_ERROR;
				GCC_WARN_UNDECLARED_SELECTOR = YES;
				GCC_WARN_UNINITIALIZED_AUTOS = YES_AGGRESSIVE;
				GCC_WARN_UNUSED_FUNCTION = YES;
				GCC_WARN_UNUSED_VARIABLE = YES;
				IPHONEOS_DEPLOYMENT_TARGET = 17.5;
				LOCALIZATION_PREFERS_STRING_CATALOGS = YES;
				MTL_ENABLE_DEBUG_INFO = NO;
				MTL_FAST_MATH = YES;
				SDKROOT = iphoneos;
				SWIFT_COMPILATION_MODE = wholemodule;
				VALIDATE_PRODUCT = YES;
			};
			name = Release;
		};
		8A572A522C0D135C0048AD83 /* Debug */ = {
			isa = XCBuildConfiguration;
			buildSettings = {
				ASSETCATALOG_COMPILER_APPICON_NAME = AppIcon;
				ASSETCATALOG_COMPILER_GLOBAL_ACCENT_COLOR_NAME = AccentColor;
				CODE_SIGN_STYLE = Automatic;
				CURRENT_PROJECT_VERSION = 1;
				GENERATE_INFOPLIST_FILE = YES;
				INFOPLIST_FILE = OnTheMap/Info.plist;
				INFOPLIST_KEY_UIApplicationSupportsIndirectInputEvents = YES;
				INFOPLIST_KEY_UILaunchStoryboardName = LaunchScreen;
				INFOPLIST_KEY_UIMainStoryboardFile = Main;
				INFOPLIST_KEY_UISupportedInterfaceOrientations_iPad = "UIInterfaceOrientationPortrait UIInterfaceOrientationPortraitUpsideDown UIInterfaceOrientationLandscapeLeft UIInterfaceOrientationLandscapeRight";
				INFOPLIST_KEY_UISupportedInterfaceOrientations_iPhone = "UIInterfaceOrientationPortrait UIInterfaceOrientationLandscapeLeft UIInterfaceOrientationLandscapeRight";
				LD_RUNPATH_SEARCH_PATHS = (
					"$(inherited)",
					"@executable_path/Frameworks",
				);
				MARKETING_VERSION = 1.0;
				PRODUCT_BUNDLE_IDENTIFIER = com.udacity.OnTheMap;
				PRODUCT_NAME = "$(TARGET_NAME)";
				SWIFT_EMIT_LOC_STRINGS = YES;
				SWIFT_VERSION = 5.0;
				TARGETED_DEVICE_FAMILY = "1,2";
			};
			name = Debug;
		};
		8A572A532C0D135C0048AD83 /* Release */ = {
			isa = XCBuildConfiguration;
			buildSettings = {
				ASSETCATALOG_COMPILER_APPICON_NAME = AppIcon;
				ASSETCATALOG_COMPILER_GLOBAL_ACCENT_COLOR_NAME = AccentColor;
				CODE_SIGN_STYLE = Automatic;
				CURRENT_PROJECT_VERSION = 1;
				GENERATE_INFOPLIST_FILE = YES;
				INFOPLIST_FILE = OnTheMap/Info.plist;
				INFOPLIST_KEY_UIApplicationSupportsIndirectInputEvents = YES;
				INFOPLIST_KEY_UILaunchStoryboardName = LaunchScreen;
				INFOPLIST_KEY_UIMainStoryboardFile = Main;
				INFOPLIST_KEY_UISupportedInterfaceOrientations_iPad = "UIInterfaceOrientationPortrait UIInterfaceOrientationPortraitUpsideDown UIInterfaceOrientationLandscapeLeft UIInterfaceOrientationLandscapeRight";
				INFOPLIST_KEY_UISupportedInterfaceOrientations_iPhone = "UIInterfaceOrientationPortrait UIInterfaceOrientationLandscapeLeft UIInterfaceOrientationLandscapeRight";
				LD_RUNPATH_SEARCH_PATHS = (
					"$(inherited)",
					"@executable_path/Frameworks",
				);
				MARKETING_VERSION = 1.0;
				PRODUCT_BUNDLE_IDENTIFIER = com.udacity.OnTheMap;
				PRODUCT_NAME = "$(TARGET_NAME)";
				SWIFT_EMIT_LOC_STRINGS = YES;
				SWIFT_VERSION = 5.0;
				TARGETED_DEVICE_FAMILY = "1,2";
			};
			name = Release;
		};
		8A572A552C0D135C0048AD83 /* Debug */ = {
			isa = XCBuildConfiguration;
			buildSettings = {
				ALWAYS_EMBED_SWIFT_STANDARD_LIBRARIES = YES;
				BUNDLE_LOADER = "$(TEST_HOST)";
				CODE_SIGN_STYLE = Automatic;
				CURRENT_PROJECT_VERSION = 1;
				GENERATE_INFOPLIST_FILE = YES;
				IPHONEOS_DEPLOYMENT_TARGET = 17.5;
				MARKETING_VERSION = 1.0;
				PRODUCT_BUNDLE_IDENTIFIER = com.udacity.OnTheMapTests;
				PRODUCT_NAME = "$(TARGET_NAME)";
				SWIFT_EMIT_LOC_STRINGS = NO;
				SWIFT_VERSION = 5.0;
				TARGETED_DEVICE_FAMILY = "1,2";
				TEST_HOST = "$(BUILT_PRODUCTS_DIR)/OnTheMap.app/$(BUNDLE_EXECUTABLE_FOLDER_PATH)/OnTheMap";
			};
			name = Debug;
		};
		8A572A562C0D135C0048AD83 /* Release */ = {
			isa = XCBuildConfiguration;
			buildSettings = {
				ALWAYS_EMBED_SWIFT_STANDARD_LIBRARIES = YES;
				BUNDLE_LOADER = "$(TEST_HOST)";
				CODE_SIGN_STYLE = Automatic;
				CURRENT_PROJECT_VERSION = 1;
				GENERATE_INFOPLIST_FILE = YES;
				IPHONEOS_DEPLOYMENT_TARGET = 17.5;
				MARKETING_VERSION = 1.0;
				PRODUCT_BUNDLE_IDENTIFIER = com.udacity.OnTheMapTests;
				PRODUCT_NAME = "$(TARGET_NAME)";
				SWIFT_EMIT_LOC_STRINGS = NO;
				SWIFT_VERSION = 5.0;
				TARGETED_DEVICE_FAMILY = "1,2";
				TEST_HOST = "$(BUILT_PRODUCTS_DIR)/OnTheMap.app/$(BUNDLE_EXECUTABLE_FOLDER_PATH)/OnTheMap";
			};
			name = Release;
		};
		8A572A582C0D135C0048AD83 /* Debug */ = {
			isa = XCBuildConfiguration;
			buildSettings = {
				ALWAYS_EMBED_SWIFT_STANDARD_LIBRARIES = YES;
				CODE_SIGN_STYLE = Automatic;
				CURRENT_PROJECT_VERSION = 1;
				GENERATE_INFOPLIST_FILE = YES;
				MARKETING_VERSION = 1.0;
				PRODUCT_BUNDLE_IDENTIFIER = com.udacity.OnTheMapUITests;
				PRODUCT_NAME = "$(TARGET_NAME)";
				SWIFT_EMIT_LOC_STRINGS = NO;
				SWIFT_VERSION = 5.0;
				TARGETED_DEVICE_FAMILY = "1,2";
				TEST_TARGET_NAME = OnTheMap;
			};
			name = Debug;
		};
		8A572A592C0D135C0048AD83 /* Release */ = {
			isa = XCBuildConfiguration;
			buildSettings = {
				ALWAYS_EMBED_SWIFT_STANDARD_LIBRARIES = YES;
				CODE_SIGN_STYLE = Automatic;
				CURRENT_PROJECT_VERSION = 1;
				GENERATE_INFOPLIST_FILE = YES;
				MARKETING_VERSION = 1.0;
				PRODUCT_BUNDLE_IDENTIFIER = com.udacity.OnTheMapUITests;
				PRODUCT_NAME = "$(TARGET_NAME)";
				SWIFT_EMIT_LOC_STRINGS = NO;
				SWIFT_VERSION = 5.0;
				TARGETED_DEVICE_FAMILY = "1,2";
				TEST_TARGET_NAME = OnTheMap;
			};
			name = Release;
		};
/* End XCBuildConfiguration section */

/* Begin XCConfigurationList section */
		8A572A222C0D135A0048AD83 /* Build configuration list for PBXProject "OnTheMap" */ = {
			isa = XCConfigurationList;
			buildConfigurations = (
				8A572A4F2C0D135C0048AD83 /* Debug */,
				8A572A502C0D135C0048AD83 /* Release */,
			);
			defaultConfigurationIsVisible = 0;
			defaultConfigurationName = Release;
		};
		8A572A512C0D135C0048AD83 /* Build configuration list for PBXNativeTarget "OnTheMap" */ = {
			isa = XCConfigurationList;
			buildConfigurations = (
				8A572A522C0D135C0048AD83 /* Debug */,
				8A572A532C0D135C0048AD83 /* Release */,
			);
			defaultConfigurationIsVisible = 0;
			defaultConfigurationName = Release;
		};
		8A572A542C0D135C0048AD83 /* Build configuration list for PBXNativeTarget "OnTheMapTests" */ = {
			isa = XCConfigurationList;
			buildConfigurations = (
				8A572A552C0D135C0048AD83 /* Debug */,
				8A572A562C0D135C0048AD83 /* Release */,
			);
			defaultConfigurationIsVisible = 0;
			defaultConfigurationName = Release;
		};
		8A572A572C0D135C0048AD83 /* Build configuration list for PBXNativeTarget "OnTheMapUITests" */ = {
			isa = XCConfigurationList;
			buildConfigurations = (
				8A572A582C0D135C0048AD83 /* Debug */,
				8A572A592C0D135C0048AD83 /* Release */,
			);
			defaultConfigurationIsVisible = 0;
			defaultConfigurationName = Release;
		};
/* End XCConfigurationList section */
	};
	rootObject = 8A572A1F2C0D135A0048AD83 /* Project object */;
}
